
Microsoft Visual Studio Solution File, Format Version 12.00
# Visual Studio 2013
VisualStudioVersion = 12.0.31101.0
MinimumVisualStudioVersion = 10.0.40219.1
Project("{FAE04EC0-301F-11D3-BF4B-00C04F79EFBC}") = "Tornado.Wpf", "Tornado.Wpf.csproj", "{5F36B483-449A-4E2A-AA97-69312070C98D}"
EndProject
Project("{FAE04EC0-301F-11D3-BF4B-00C04F79EFBC}") = "Tornado.Business", "..\Tornado.Business\Tornado.Business.csproj", "{54535145-1CA1-46A0-B869-71F06CC037F5}"
EndProject
Project("{FAE04EC0-301F-11D3-BF4B-00C04F79EFBC}") = "Tornado.ViewModels", "..\Tornado.ViewModels\Tornado.ViewModels.csproj", "{E31635B6-F768-4B23-90E4-16846E41F749}"
EndProject
Project("{FAE04EC0-301F-11D3-BF4B-00C04F79EFBC}") = "Tornado.Framework", "..\Tornado.Framework\Tornado.Framework.csproj", "{F1C6BF0E-4BB3-469A-96C1-565A669745A6}"
EndProject
Project("{2150E333-8FDC-42A3-9474-1A3956D46DE8}") = ".nuget", ".nuget", "{9516407F-C2DD-4C18-8842-F834ABFED653}"
	ProjectSection(SolutionItems) = preProject
		.nuget\NuGet.Config = .nuget\NuGet.Config
		.nuget\NuGet.exe = .nuget\NuGet.exe
		.nuget\NuGet.targets = .nuget\NuGet.targets
	EndProjectSection
EndProject
Project("{2150E333-8FDC-42A3-9474-1A3956D46DE8}") = "Plugins", "Plugins", "{5B068DBD-B71F-4F7C-B2AD-1FBA8D4F6F43}"
EndProject
Project("{FAE04EC0-301F-11D3-BF4B-00C04F79EFBC}") = "Tornado.Plugin.MediaInfo", "..\Tornado.Plugin.MediaInfo\Tornado.Plugin.MediaInfo.csproj", "{15C0C61B-113A-474D-A4B0-3365F1C93C31}"
EndProject
Project("{FAE04EC0-301F-11D3-BF4B-00C04F79EFBC}") = "Tornado.Plugin", "..\Tornado.Plugin\Tornado.Plugin.csproj", "{1BFBD72A-1F21-4870-9D1D-5821E27A6CD6}"
EndProject
Global
	GlobalSection(SolutionConfigurationPlatforms) = preSolution
		Debug|Any CPU = Debug|Any CPU
		Release|Any CPU = Release|Any CPU
	EndGlobalSection
	GlobalSection(ProjectConfigurationPlatforms) = postSolution
		{5F36B483-449A-4E2A-AA97-69312070C98D}.Debug|Any CPU.ActiveCfg = Debug|Any CPU
		{5F36B483-449A-4E2A-AA97-69312070C98D}.Debug|Any CPU.Build.0 = Debug|Any CPU
		{5F36B483-449A-4E2A-AA97-69312070C98D}.Release|Any CPU.ActiveCfg = Release|Any CPU
		{5F36B483-449A-4E2A-AA97-69312070C98D}.Release|Any CPU.Build.0 = Release|Any CPU
		{54535145-1CA1-46A0-B869-71F06CC037F5}.Debug|Any CPU.ActiveCfg = Debug|Any CPU
		{54535145-1CA1-46A0-B869-71F06CC037F5}.Debug|Any CPU.Build.0 = Debug|Any CPU
		{54535145-1CA1-46A0-B869-71F06CC037F5}.Release|Any CPU.ActiveCfg = Release|Any CPU
		{54535145-1CA1-46A0-B869-71F06CC037F5}.Release|Any CPU.Build.0 = Release|Any CPU
		{E31635B6-F768-4B23-90E4-16846E41F749}.Debug|Any CPU.ActiveCfg = Debug|Any CPU
		{E31635B6-F768-4B23-90E4-16846E41F749}.Debug|Any CPU.Build.0 = Debug|Any CPU
		{E31635B6-F768-4B23-90E4-16846E41F749}.Release|Any CPU.ActiveCfg = Release|Any CPU
		{E31635B6-F768-4B23-90E4-16846E41F749}.Release|Any CPU.Build.0 = Release|Any CPU
		{F1C6BF0E-4BB3-469A-96C1-565A669745A6}.Debug|Any CPU.ActiveCfg = Debug|Any CPU
		{F1C6BF0E-4BB3-469A-96C1-565A669745A6}.Debug|Any CPU.Build.0 = Debug|Any CPU
		{F1C6BF0E-4BB3-469A-96C1-565A669745A6}.Release|Any CPU.ActiveCfg = Release|Any CPU
		{F1C6BF0E-4BB3-469A-96C1-565A669745A6}.Release|Any CPU.Build.0 = Release|Any CPU
		{15C0C61B-113A-474D-A4B0-3365F1C93C31}.Debug|Any CPU.ActiveCfg = Debug|Any CPU
		{15C0C61B-113A-474D-A4B0-3365F1C93C31}.Debug|Any CPU.Build.0 = Debug|Any CPU
		{15C0C61B-113A-474D-A4B0-3365F1C93C31}.Release|Any CPU.ActiveCfg = Release|Any CPU
		{15C0C61B-113A-474D-A4B0-3365F1C93C31}.Release|Any CPU.Build.0 = Release|Any CPU
		{1BFBD72A-1F21-4870-9D1D-5821E27A6CD6}.Debug|Any CPU.ActiveCfg = Debug|Any CPU
		{1BFBD72A-1F21-4870-9D1D-5821E27A6CD6}.Debug|Any CPU.Build.0 = Debug|Any CPU
		{1BFBD72A-1F21-4870-9D1D-5821E27A6CD6}.Release|Any CPU.ActiveCfg = Release|Any CPU
		{1BFBD72A-1F21-4870-9D1D-5821E27A6CD6}.Release|Any CPU.Build.0 = Release|Any CPU
	EndGlobalSection
	GlobalSection(SolutionProperties) = preSolution
		HideSolutionNode = FALSE
	EndGlobalSection
	GlobalSection(NestedProjects) = preSolution
		{15C0C61B-113A-474D-A4B0-3365F1C93C31} = {5B068DBD-B71F-4F7C-B2AD-1FBA8D4F6F43}
		{1BFBD72A-1F21-4870-9D1D-5821E27A6CD6} = {5B068DBD-B71F-4F7C-B2AD-1FBA8D4F6F43}
	EndGlobalSection
EndGlobal
